
Microsoft Visual Studio Solution File, Format Version 12.00
# Visual Studio Version 17
VisualStudioVersion = 17.0.31717.71
MinimumVisualStudioVersion = 10.0.40219.1
Project("{FAE04EC0-301F-11D3-BF4B-00C04F79EFBC}") = "ppedv.Laureatus.Model", "ppedv.Laureatus.Model\ppedv.Laureatus.Model.csproj", "{D4FE1FD7-5C0F-477A-A657-4B0C5B85B44D}"
EndProject
Project("{FAE04EC0-301F-11D3-BF4B-00C04F79EFBC}") = "ppedv.Laureatus.Data.EfCore", "ppedv.Laureatus.Data.EfCore\ppedv.Laureatus.Data.EfCore.csproj", "{28993115-17B9-48A4-B9AD-9FE6CFA2F625}"
EndProject
Project("{FAE04EC0-301F-11D3-BF4B-00C04F79EFBC}") = "ppedv.Laureatus.Data.EfCore.Tests", "ppedv.Laureatus.Data.EfCore.Tests\ppedv.Laureatus.Data.EfCore.Tests.csproj", "{19F1732B-2647-4F5B-9B83-A5EBF79B187F}"
EndProject
Project("{FAE04EC0-301F-11D3-BF4B-00C04F79EFBC}") = "ppedv.Laureatus.Logic", "ppedv.Laureatus.Logic\ppedv.Laureatus.Logic.csproj", "{39EE427C-D879-4EC6-89BE-907EB6CA03E5}"
EndProject
Project("{FAE04EC0-301F-11D3-BF4B-00C04F79EFBC}") = "ppedv.Laureatus.UI.DevConsole", "ppedv.Laureatus.UI.DevConsole\ppedv.Laureatus.UI.DevConsole.csproj", "{F1F9D25F-55D0-4B51-BCFA-21ECE4D9BA44}"
EndProject
Project("{FAE04EC0-301F-11D3-BF4B-00C04F79EFBC}") = "ppedv.Laureatus.Logic.Tests", "ppedv.Laureatus.Logic.Tests\ppedv.Laureatus.Logic.Tests.csproj", "{514B6B29-619F-4065-9901-4C27192B5F45}"
EndProject
Global
	GlobalSection(SolutionConfigurationPlatforms) = preSolution
		Debug|Any CPU = Debug|Any CPU
		Release|Any CPU = Release|Any CPU
	EndGlobalSection
	GlobalSection(ProjectConfigurationPlatforms) = postSolution
		{D4FE1FD7-5C0F-477A-A657-4B0C5B85B44D}.Debug|Any CPU.ActiveCfg = Debug|Any CPU
		{D4FE1FD7-5C0F-477A-A657-4B0C5B85B44D}.Debug|Any CPU.Build.0 = Debug|Any CPU
		{D4FE1FD7-5C0F-477A-A657-4B0C5B85B44D}.Release|Any CPU.ActiveCfg = Release|Any CPU
		{D4FE1FD7-5C0F-477A-A657-4B0C5B85B44D}.Release|Any CPU.Build.0 = Release|Any CPU
		{28993115-17B9-48A4-B9AD-9FE6CFA2F625}.Debug|Any CPU.ActiveCfg = Debug|Any CPU
		{28993115-17B9-48A4-B9AD-9FE6CFA2F625}.Debug|Any CPU.Build.0 = Debug|Any CPU
		{28993115-17B9-48A4-B9AD-9FE6CFA2F625}.Release|Any CPU.ActiveCfg = Release|Any CPU
		{28993115-17B9-48A4-B9AD-9FE6CFA2F625}.Release|Any CPU.Build.0 = Release|Any CPU
		{19F1732B-2647-4F5B-9B83-A5EBF79B187F}.Debug|Any CPU.ActiveCfg = Debug|Any CPU
		{19F1732B-2647-4F5B-9B83-A5EBF79B187F}.Debug|Any CPU.Build.0 = Debug|Any CPU
		{19F1732B-2647-4F5B-9B83-A5EBF79B187F}.Release|Any CPU.ActiveCfg = Release|Any CPU
		{19F1732B-2647-4F5B-9B83-A5EBF79B187F}.Release|Any CPU.Build.0 = Release|Any CPU
		{39EE427C-D879-4EC6-89BE-907EB6CA03E5}.Debug|Any CPU.ActiveCfg = Debug|Any CPU
		{39EE427C-D879-4EC6-89BE-907EB6CA03E5}.Debug|Any CPU.Build.0 = Debug|Any CPU
		{39EE427C-D879-4EC6-89BE-907EB6CA03E5}.Release|Any CPU.ActiveCfg = Release|Any CPU
		{39EE427C-D879-4EC6-89BE-907EB6CA03E5}.Release|Any CPU.Build.0 = Release|Any CPU
		{F1F9D25F-55D0-4B51-BCFA-21ECE4D9BA44}.Debug|Any CPU.ActiveCfg = Debug|Any CPU
		{F1F9D25F-55D0-4B51-BCFA-21ECE4D9BA44}.Debug|Any CPU.Build.0 = Debug|Any CPU
		{F1F9D25F-55D0-4B51-BCFA-21ECE4D9BA44}.Release|Any CPU.ActiveCfg = Release|Any CPU
		{F1F9D25F-55D0-4B51-BCFA-21ECE4D9BA44}.Release|Any CPU.Build.0 = Release|Any CPU
		{514B6B29-619F-4065-9901-4C27192B5F45}.Debug|Any CPU.ActiveCfg = Debug|Any CPU
		{514B6B29-619F-4065-9901-4C27192B5F45}.Debug|Any CPU.Build.0 = Debug|Any CPU
		{514B6B29-619F-4065-9901-4C27192B5F45}.Release|Any CPU.ActiveCfg = Release|Any CPU
		{514B6B29-619F-4065-9901-4C27192B5F45}.Release|Any CPU.Build.0 = Release|Any CPU
	EndGlobalSection
	GlobalSection(SolutionProperties) = preSolution
		HideSolutionNode = FALSE
	EndGlobalSection
	GlobalSection(ExtensibilityGlobals) = postSolution
		SolutionGuid = {BEB8566C-C87B-46CD-8B60-D2D56C9FBD1F}
	EndGlobalSection
EndGlobal
